github.com/wi-chiba/hugo-agency-web v0.0.0-20260830224926-fec819a97a87 h1:511oTjkIaWak54YuWId5010VRuHMTzO+XrbAkhYephI=
github.com/wi-chiba/hugo-agency-web v0.0.0-20260830224926-fec819a97a87/go.mod h1:ptU3k9YAMDF0hjg0kmzlQykArkCd6hmGMWHBZl0njN8=
github.com/wi-chiba/hugo-agency-web v0.0.0-20260831002032-030fbbaccbf1 h1:KIC1x8NESOspGr8DawPnMRCSqMp0fh7htafINOfyeBQ=
github.com/wi-chiba/hugo-agency-web v0.0.0-20260831002032-030fbbaccbf1/go.mod h1:ptU3k9YAMDF0hjg0kmzlQykArkCd6hmGMWHBZl0njN8=
github.com/writeonlycode/hugo-agency-web v0.0.0-20250709134630-9b263db5d8f2 h1:DlXhCMjGvxUcVotLjfuKzlNWzfe3YqHJkGNhDCjla4c=
github.com/writeonlycode/hugo-agency-web v0.0.0-20250709134630-9b263db5d8f2/go.mod h1:kv6ACKtYAfut1monBpXyXVfyDDSduqOIf2WkXcAMIp8=
